// !$*UTF8*$!
{
	archiveVersion = 1;
	classes = {
	};
	objectVersion = 51;
	objects = {

/* Begin PBXBuildFile section */
		53D41D8DC2DE2309BA599877 /* Pods_GroceryStoreFirebase.framework in Frameworks */ = {isa = PBXBuildFile; fileRef = 60DD2D700285291F748DBE17 /* Pods_GroceryStoreFirebase.framework */; };
		F70875B725A919EC0027E90F /* StoreListViewModel.swift in Sources */ = {isa = PBXBuildFile; fileRef = F70875B625A919EC0027E90F /* StoreListViewModel.swift */; };
		F7B1341025A7A78400CBCF90 /* Constants.swift in Sources */ = {isa = PBXBuildFile; fileRef = F7B1340F25A7A78400CBCF90 /* Constants.swift */; };
		F7B1341325A7A87900CBCF90 /* View+Extensions.swift in Sources */ = {isa = PBXBuildFile; fileRef = F7B1341225A7A87900CBCF90 /* View+Extensions.swift */; };
		F7B1342B25A7B25A00CBCF90 /* Store.swift in Sources */ = {isa = PBXBuildFile; fileRef = F7B1342A25A7B25A00CBCF90 /* Store.swift */; };
		F7B1342E25A7B2A800CBCF90 /* FirestoreManager.swift in Sources */ = {isa = PBXBuildFile; fileRef = F7B1342D25A7B2A800CBCF90 /* FirestoreManager.swift */; };
		F7C2AEC925A58751008FE850 /* GroceryStoreFirebaseApp.swift in Sources */ = {isa = PBXBuildFile; fileRef = F7C2AEC825A58751008FE850 /* GroceryStoreFirebaseApp.swift */; };
		F7C2AECB25A58751008FE850 /* ContentView.swift in Sources */ = {isa = PBXBuildFile; fileRef = F7C2AECA25A58751008FE850 /* ContentView.swift */; };
		F7C2AECD25A58752008FE850 /* Assets.xcassets in Resources */ = {isa = PBXBuildFile; fileRef = F7C2AECC25A58752008FE850 /* Assets.xcassets */; };
		F7C2AED025A58752008FE850 /* Preview Assets.xcassets in Resources */ = {isa = PBXBuildFile; fileRef = F7C2AECF25A58752008FE850 /* Preview Assets.xcassets */; };
		F7C2AEE025A58900008FE850 /* GoogleService-Info.plist in Resources */ = {isa = PBXBuildFile; fileRef = F7C2AEDF25A58900008FE850 /* GoogleService-Info.plist */; };
		F7CE362625A7BD5400E91C26 /* AddStoreViewModel.swift in Sources */ = {isa = PBXBuildFile; fileRef = F7CE362525A7BD5400E91C26 /* AddStoreViewModel.swift */; };
		F7CE362925A7C2CB00E91C26 /* AddStoreView.swift in Sources */ = {isa = PBXBuildFile; fileRef = F7CE362825A7C2CB00E91C26 /* AddStoreView.swift */; };
/* End PBXBuildFile section */

/* Begin PBXFileReference section */
		57AC34F81B16F465D6EC8695 /* Pods-GroceryStoreFirebase.release.xcconfig */ = {isa = PBXFileReference; includeInIndex = 1; lastKnownFileType = text.xcconfig; name = "Pods-GroceryStoreFirebase.release.xcconfig"; path = "Target Support Files/Pods-GroceryStoreFirebase/Pods-GroceryStoreFirebase.release.xcconfig"; sourceTree = "<group>"; };
		60DD2D700285291F748DBE17 /* Pods_GroceryStoreFirebase.framework */ = {isa = PBXFileReference; explicitFileType = wrapper.framework; includeInIndex = 0; path = Pods_GroceryStoreFirebase.framework; sourceTree = BUILT_PRODUCTS_DIR; };
		A2786891CBD0625499853C4A /* Pods-GroceryStoreFirebase.debug.xcconfig */ = {isa = PBXFileReference; includeInIndex = 1; lastKnownFileType = text.xcconfig; name = "Pods-GroceryStoreFirebase.debug.xcconfig"; path = "Target Support Files/Pods-GroceryStoreFirebase/Pods-GroceryStoreFirebase.debug.xcconfig"; sourceTree = "<group>"; };
		F70875B625A919EC0027E90F /* StoreListViewModel.swift */ = {isa = PBXFileReference; lastKnownFileType = sourcecode.swift; path = StoreListViewModel.swift; sourceTree = "<group>"; };
		F7B1340F25A7A78400CBCF90 /* Constants.swift */ = {isa = PBXFileReference; lastKnownFileType = sourcecode.swift; path = Constants.swift; sourceTree = "<group>"; };
		F7B1341225A7A87900CBCF90 /* View+Extensions.swift */ = {isa = PBXFileReference; lastKnownFileType = sourcecode.swift; path = "View+Extensions.swift"; sourceTree = "<group>"; };
		F7B1342A25A7B25A00CBCF90 /* Store.swift */ = {isa = PBXFileReference; lastKnownFileType = sourcecode.swift; path = Store.swift; sourceTree = "<group>"; };
		F7B1342D25A7B2A800CBCF90 /* FirestoreManager.swift */ = {isa = PBXFileReference; lastKnownFileType = sourcecode.swift; path = FirestoreManager.swift; sourceTree = "<group>"; };
		F7C2AEC525A58751008FE850 /* GroceryStoreFirebase.app */ = {isa = PBXFileReference; explicitFileType = wrapper.application; includeInIndex = 0; path = GroceryStoreFirebase.app; sourceTree = BUILT_PRODUCTS_DIR; };
		F7C2AEC825A58751008FE850 /* GroceryStoreFirebaseApp.swift */ = {isa = PBXFileReference; lastKnownFileType = sourcecode.swift; path = GroceryStoreFirebaseApp.swift; sourceTree = "<group>"; };
		F7C2AECA25A58751008FE850 /* ContentView.swift */ = {isa = PBXFileReference; lastKnownFileType = sourcecode.swift; path = ContentView.swift; sourceTree = "<group>"; };
		F7C2AECC25A58752008FE850 /* Assets.xcassets */ = {isa = PBXFileReference; lastKnownFileType = folder.assetcatalog; path = Assets.xcassets; sourceTree = "<group>"; };
		F7C2AECF25A58752008FE850 /* Preview Assets.xcassets */ = {isa = PBXFileReference; lastKnownFileType = folder.assetcatalog; path = "Preview Assets.xcassets"; sourceTree = "<group>"; };
		F7C2AED125A58752008FE850 /* Info.plist */ = {isa = PBXFileReference; lastKnownFileType = text.plist.xml; path = Info.plist; sourceTree = "<group>"; };
		F7C2AEDF25A58900008FE850 /* GoogleService-Info.plist */ = {isa = PBXFileReference; fileEncoding = 4; lastKnownFileType = text.plist.xml; path = "GoogleService-Info.plist"; sourceTree = "<group>"; };
		F7CE362525A7BD5400E91C26 /* AddStoreViewModel.swift */ = {isa = PBXFileReference; lastKnownFileType = sourcecode.swift; path = AddStoreViewModel.swift; sourceTree = "<group>"; };
		F7CE362825A7C2CB00E91C26 /* AddStoreView.swift */ = {isa = PBXFileReference; lastKnownFileType = sourcecode.swift; path = AddStoreView.swift; sourceTree = "<group>"; };
/* End PBXFileReference section */

/* Begin PBXFrameworksBuildPhase section */
		F7C2AEC225A58751008FE850 /* Frameworks */ = {
			isa = PBXFrameworksBuildPhase;
			buildActionMask = 2147483647;
			files = (
				53D41D8DC2DE2309BA599877 /* Pods_GroceryStoreFirebase.framework in Frameworks */,
			);
			runOnlyForDeploymentPostprocessing = 0;
		};
/* End PBXFrameworksBuildPhase section */

/* Begin PBXGroup section */
		E5E7ADE3F1F3CCF815E970CD /* Frameworks */ = {
			isa = PBXGroup;
			children = (
				60DD2D700285291F748DBE17 /* Pods_GroceryStoreFirebase.framework */,
			);
			name = Frameworks;
			sourceTree = "<group>";
		};
		F7C2AEBC25A58751008FE850 = {
			isa = PBXGroup;
			children = (
				F7C2AEC725A58751008FE850 /* GroceryStoreFirebase */,
				F7C2AEC625A58751008FE850 /* Products */,
				FBE7E17BEA66CFEE533D9D4E /* Pods */,
				E5E7ADE3F1F3CCF815E970CD /* Frameworks */,
			);
			sourceTree = "<group>";
		};
		F7C2AEC625A58751008FE850 /* Products */ = {
			isa = PBXGroup;
			children = (
				F7C2AEC525A58751008FE850 /* GroceryStoreFirebase.app */,
			);
			name = Products;
			sourceTree = "<group>";
		};
		F7C2AEC725A58751008FE850 /* GroceryStoreFirebase */ = {
			isa = PBXGroup;
			children = (
				F7C2AEDD25A587B4008FE850 /* View */,
				F7C2AEDC25A587A8008FE850 /* Extensions */,
				F7C2AEDB25A5879D008FE850 /* View Models */,
				F7C2AEDA25A5878F008FE850 /* Models */,
				F7C2AED925A58783008FE850 /* Managers */,
				F7C2AED825A58771008FE850 /* Utility */,
				F7C2AEC825A58751008FE850 /* GroceryStoreFirebaseApp.swift */,
				F7C2AEDF25A58900008FE850 /* GoogleService-Info.plist */,
				F7C2AECA25A58751008FE850 /* ContentView.swift */,
				F7C2AECC25A58752008FE850 /* Assets.xcassets */,
				F7C2AED125A58752008FE850 /* Info.plist */,
				F7C2AECE25A58752008FE850 /* Preview Content */,
			);
			path = GroceryStoreFirebase;
			sourceTree = "<group>";
		};
		F7C2AECE25A58752008FE850 /* Preview Content */ = {
			isa = PBXGroup;
			children = (
				F7C2AECF25A58752008FE850 /* Preview Assets.xcassets */,
			);
			path = "Preview Content";
			sourceTree = "<group>";
		};
		F7C2AED825A58771008FE850 /* Utility */ = {
			isa = PBXGroup;
			children = (
				F7B1340F25A7A78400CBCF90 /* Constants.swift */,
			);
			path = Utility;
			sourceTree = "<group>";
		};
		F7C2AED925A58783008FE850 /* Managers */ = {
			isa = PBXGroup;
			children = (
				F7B1342D25A7B2A800CBCF90 /* FirestoreManager.swift */,
			);
			path = Managers;
			sourceTree = "<group>";
		};
		F7C2AEDA25A5878F008FE850 /* Models */ = {
			isa = PBXGroup;
			children = (
				F7B1342A25A7B25A00CBCF90 /* Store.swift */,
			);
			path = Models;
			sourceTree = "<group>";
		};
		F7C2AEDB25A5879D008FE850 /* View Models */ = {
			isa = PBXGroup;
			children = (
				F7CE362525A7BD5400E91C26 /* AddStoreViewModel.swift */,
				F70875B625A919EC0027E90F /* StoreListViewModel.swift */,
			);
			path = "View Models";
			sourceTree = "<group>";
		};
		F7C2AEDC25A587A8008FE850 /* Extensions */ = {
			isa = PBXGroup;
			children = (
				F7B1341225A7A87900CBCF90 /* View+Extensions.swift */,
			);
			path = Extensions;
			sourceTree = "<group>";
		};
		F7C2AEDD25A587B4008FE850 /* View */ = {
			isa = PBXGroup;
			children = (
				F7CE362825A7C2CB00E91C26 /* AddStoreView.swift */,
			);
			path = View;
			sourceTree = "<group>";
		};
		FBE7E17BEA66CFEE533D9D4E /* Pods */ = {
			isa = PBXGroup;
			children = (
				A2786891CBD0625499853C4A /* Pods-GroceryStoreFirebase.debug.xcconfig */,
				57AC34F81B16F465D6EC8695 /* Pods-GroceryStoreFirebase.release.xcconfig */,
			);
			path = Pods;
			sourceTree = "<group>";
		};
/* End PBXGroup section */

/* Begin PBXNativeTarget section */
		F7C2AEC425A58751008FE850 /* GroceryStoreFirebase */ = {
			isa = PBXNativeTarget;
			buildConfigurationList = F7C2AED425A58752008FE850 /* Build configuration list for PBXNativeTarget "GroceryStoreFirebase" */;
			buildPhases = (
				8309B75E53BD2A109897B61C /* [CP] Check Pods Manifest.lock */,
				F7C2AEC125A58751008FE850 /* Sources */,
				F7C2AEC225A58751008FE850 /* Frameworks */,
				F7C2AEC325A58751008FE850 /* Resources */,
				CFC0730857FD8DB9BD21380A /* [CP] Embed Pods Frameworks */,
			);
			buildRules = (
			);
			dependencies = (
			);
			name = GroceryStoreFirebase;
			productName = GroceryStoreFirebase;
			productReference = F7C2AEC525A58751008FE850 /* GroceryStoreFirebase.app */;
			productType = "com.apple.product-type.application";
		};
/* End PBXNativeTarget section */

/* Begin PBXProject section */
		F7C2AEBD25A58751008FE850 /* Project object */ = {
			isa = PBXProject;
			attributes = {
				LastSwiftUpdateCheck = 1220;
				LastUpgradeCheck = 1220;
				TargetAttributes = {
					F7C2AEC425A58751008FE850 = {
						CreatedOnToolsVersion = 12.2;
					};
				};
			};
			buildConfigurationList = F7C2AEC025A58751008FE850 /* Build configuration list for PBXProject "GroceryStoreFirebase" */;
			compatibilityVersion = "Xcode 9.3";
			developmentRegion = en;
			hasScannedForEncodings = 0;
			knownRegions = (
				en,
				Base,
			);
			mainGroup = F7C2AEBC25A58751008FE850;
			productRefGroup = F7C2AEC625A58751008FE850 /* Products */;
			projectDirPath = "";
			projectRoot = "";
			targets = (
				F7C2AEC425A58751008FE850 /* GroceryStoreFirebase */,
			);
		};
/* End PBXProject section */

/* Begin PBXResourcesBuildPhase section */
		F7C2AEC325A58751008FE850 /* Resources */ = {
			isa = PBXResourcesBuildPhase;
			buildActionMask = 2147483647;
			files = (
				F7C2AED025A58752008FE850 /* Preview Assets.xcassets in Resources */,
				F7C2AEE025A58900008FE850 /* GoogleService-Info.plist in Resources */,
				F7C2AECD25A58752008FE850 /* Assets.xcassets in Resources */,
			);
			runOnlyForDeploymentPostprocessing = 0;
		};
/* End PBXResourcesBuildPhase section */

/* Begin PBXShellScriptBuildPhase section */
		8309B75E53BD2A109897B61C /* [CP] Check Pods Manifest.lock */ = {
			isa = PBXShellScriptBuildPhase;
			buildActionMask = 2147483647;
			files = (
			);
			inputFileListPaths = (
			);
			inputPaths = (
				"${PODS_PODFILE_DIR_PATH}/Podfile.lock",
				"${PODS_ROOT}/Manifest.lock",
			);
			name = "[CP] Check Pods Manifest.lock";
			outputFileListPaths = (
			);
			outputPaths = (
				"$(DERIVED_FILE_DIR)/Pods-GroceryStoreFirebase-checkManifestLockResult.txt",
			);
			runOnlyForDeploymentPostprocessing = 0;
			shellPath = /bin/sh;
			shellScript = "diff \"${PODS_PODFILE_DIR_PATH}/Podfile.lock\" \"${PODS_ROOT}/Manifest.lock\" > /dev/null\nif [ $? != 0 ] ; then\n    # print error to STDERR\n    echo \"error: The sandbox is not in sync with the Podfile.lock. Run 'pod install' or update your CocoaPods installation.\" >&2\n    exit 1\nfi\n# This output is used by Xcode 'outputs' to avoid re-running this script phase.\necho \"SUCCESS\" > \"${SCRIPT_OUTPUT_FILE_0}\"\n";
			showEnvVarsInLog = 0;
		};
		CFC0730857FD8DB9BD21380A /* [CP] Embed Pods Frameworks */ = {
			isa = PBXShellScriptBuildPhase;
			buildActionMask = 2147483647;
			files = (
			);
			inputFileListPaths = (
				"${PODS_ROOT}/Target Support Files/Pods-GroceryStoreFirebase/Pods-GroceryStoreFirebase-frameworks-${CONFIGURATION}-input-files.xcfilelist",
			);
			name = "[CP] Embed Pods Frameworks";
			outputFileListPaths = (
				"${PODS_ROOT}/Target Support Files/Pods-GroceryStoreFirebase/Pods-GroceryStoreFirebase-frameworks-${CONFIGURATION}-output-files.xcfilelist",
			);
			runOnlyForDeploymentPostprocessing = 0;
			shellPath = /bin/sh;
			shellScript = "\"${PODS_ROOT}/Target Support Files/Pods-GroceryStoreFirebase/Pods-GroceryStoreFirebase-frameworks.sh\"\n";
			showEnvVarsInLog = 0;
		};
/* End PBXShellScriptBuildPhase section */

/* Begin PBXSourcesBuildPhase section */
		F7C2AEC125A58751008FE850 /* Sources */ = {
			isa = PBXSourcesBuildPhase;
			buildActionMask = 2147483647;
			files = (
				F70875B725A919EC0027E90F /* StoreListViewModel.swift in Sources */,
				F7B1342B25A7B25A00CBCF90 /* Store.swift in Sources */,
				F7B1342E25A7B2A800CBCF90 /* FirestoreManager.swift in Sources */,
				F7CE362625A7BD5400E91C26 /* AddStoreViewModel.swift in Sources */,
				F7C2AECB25A58751008FE850 /* ContentView.swift in Sources */,
				F7C2AEC925A58751008FE850 /* GroceryStoreFirebaseApp.swift in Sources */,
				F7B1341325A7A87900CBCF90 /* View+Extensions.swift in Sources */,
				F7CE362925A7C2CB00E91C26 /* AddStoreView.swift in Sources */,
				F7B1341025A7A78400CBCF90 /* Constants.swift in Sources */,
			);
			runOnlyForDeploymentPostprocessing = 0;
		};
/* End PBXSourcesBuildPhase section */

/* Begin XCBuildConfiguration section */
		F7C2AED225A58752008FE850 /* Debug */ = {
			isa = XCBuildConfiguration;
			buildSettings = {
				ALWAYS_SEARCH_USER_PATHS = NO;
				CLANG_ANALYZER_NONNULL = YES;
				CLANG_ANALYZER_NUMBER_OBJECT_CONVERSION = YES_AGGRESSIVE;
				CLANG_CXX_LANGUAGE_STANDARD = "gnu++14";
				CLANG_CXX_LIBRARY = "libc++";
				CLANG_ENABLE_MODULES = YES;
				CLANG_ENABLE_OBJC_ARC = YES;
				CLANG_ENABLE_OBJC_WEAK = YES;
				CLANG_WARN_BLOCK_CAPTURE_AUTORELEASING = YES;
				CLANG_WARN_BOOL_CONVERSION = YES;
				CLANG_WARN_COMMA = YES;
				CLANG_WARN_CONSTANT_CONVERSION = YES;
				CLANG_WARN_DEPRECATED_OBJC_IMPLEMENTATIONS = YES;
				CLANG_WARN_DIRECT_OBJC_ISA_USAGE = YES_ERROR;
				CLANG_WARN_DOCUMENTATION_COMMENTS = YES;
				CLANG_WARN_EMPTY_BODY = YES;
				CLANG_WARN_ENUM_CONVERSION = YES;
				CLANG_WARN_INFINITE_RECURSION = YES;
				CLANG_WARN_INT_CONVERSION = YES;
				CLANG_WARN_NON_LITERAL_NULL_CONVERSION = YES;
				CLANG_WARN_OBJC_IMPLICIT_RETAIN_SELF = YES;
				CLANG_WARN_OBJC_LITERAL_CONVERSION = YES;
				CLANG_WARN_OBJC_ROOT_CLASS = YES_ERROR;
				CLANG_WARN_QUOTED_INCLUDE_IN_FRAMEWORK_HEADER = YES;
				CLANG_WARN_RANGE_LOOP_ANALYSIS = YES;
				CLANG_WARN_STRICT_PROTOTYPES = YES;
				CLANG_WARN_SUSPICIOUS_MOVE = YES;
				CLANG_WARN_UNGUARDED_AVAILABILITY = YES_AGGRESSIVE;
				CLANG_WARN_UNREACHABLE_CODE = YES;
				CLANG_WARN__DUPLICATE_METHOD_MATCH = YES;
				COPY_PHASE_STRIP = NO;
				DEBUG_INFORMATION_FORMAT = dwarf;
				ENABLE_STRICT_OBJC_MSGSEND = YES;
				ENABLE_TESTABILITY = YES;
				GCC_C_LANGUAGE_STANDARD = gnu11;
				GCC_DYNAMIC_NO_PIC = NO;
				GCC_NO_COMMON_BLOCKS = YES;
				GCC_OPTIMIZATION_LEVEL = 0;
				GCC_PREPROCESSOR_DEFINITIONS = (
					"DEBUG=1",
					"$(inherited)",
				);
				GCC_WARN_64_TO_32_BIT_CONVERSION = YES;
				GCC_WARN_ABOUT_RETURN_TYPE = YES_ERROR;
				GCC_WARN_UNDECLARED_SELECTOR = YES;
				GCC_WARN_UNINITIALIZED_AUTOS = YES_AGGRESSIVE;
				GCC_WARN_UNUSED_FUNCTION = YES;
				GCC_WARN_UNUSED_VARIABLE = YES;
				IPHONEOS_DEPLOYMENT_TARGET = 14.2;
				MTL_ENABLE_DEBUG_INFO = INCLUDE_SOURCE;
				MTL_FAST_MATH = YES;
				ONLY_ACTIVE_ARCH = YES;
				SDKROOT = iphoneos;
				SWIFT_ACTIVE_COMPILATION_CONDITIONS = DEBUG;
				SWIFT_OPTIMIZATION_LEVEL = "-Onone";
			};
			name = Debug;
		};
		F7C2AED325A58752008FE850 /* Release */ = {
			isa = XCBuildConfiguration;
			buildSettings = {
				ALWAYS_SEARCH_USER_PATHS = NO;
				CLANG_ANALYZER_NONNULL = YES;
				CLANG_ANALYZER_NUMBER_OBJECT_CONVERSION = YES_AGGRESSIVE;
				CLANG_CXX_LANGUAGE_STANDARD = "gnu++14";
				CLANG_CXX_LIBRARY = "libc++";
				CLANG_ENABLE_MODULES = YES;
				CLANG_ENABLE_OBJC_ARC = YES;
				CLANG_ENABLE_OBJC_WEAK = YES;
				CLANG_WARN_BLOCK_CAPTURE_AUTORELEASING = YES;
				CLANG_WARN_BOOL_CONVERSION = YES;
				CLANG_WARN_COMMA = YES;
				CLANG_WARN_CONSTANT_CONVERSION = YES;
				CLANG_WARN_DEPRECATED_OBJC_IMPLEMENTATIONS = YES;
				CLANG_WARN_DIRECT_OBJC_ISA_USAGE = YES_ERROR;
				CLANG_WARN_DOCUMENTATION_COMMENTS = YES;
				CLANG_WARN_EMPTY_BODY = YES;
				CLANG_WARN_ENUM_CONVERSION = YES;
				CLANG_WARN_INFINITE_RECURSION = YES;
				CLANG_WARN_INT_CONVERSION = YES;
				CLANG_WARN_NON_LITERAL_NULL_CONVERSION = YES;
				CLANG_WARN_OBJC_IMPLICIT_RETAIN_SELF = YES;
				CLANG_WARN_OBJC_LITERAL_CONVERSION = YES;
				CLANG_WARN_OBJC_ROOT_CLASS = YES_ERROR;
				CLANG_WARN_QUOTED_INCLUDE_IN_FRAMEWORK_HEADER = YES;
				CLANG_WARN_RANGE_LOOP_ANALYSIS = YES;
				CLANG_WARN_STRICT_PROTOTYPES = YES;
				CLANG_WARN_SUSPICIOUS_MOVE = YES;
				CLANG_WARN_UNGUARDED_AVAILABILITY = YES_AGGRESSIVE;
				CLANG_WARN_UNREACHABLE_CODE = YES;
				CLANG_WARN__DUPLICATE_METHOD_MATCH = YES;
				COPY_PHASE_STRIP = NO;
				DEBUG_INFORMATION_FORMAT = "dwarf-with-dsym";
				ENABLE_NS_ASSERTIONS = NO;
				ENABLE_STRICT_OBJC_MSGSEND = YES;
				GCC_C_LANGUAGE_STANDARD = gnu11;
				GCC_NO_COMMON_BLOCKS = YES;
				GCC_WARN_64_TO_32_BIT_CONVERSION = YES;
				GCC_WARN_ABOUT_RETURN_TYPE = YES_ERROR;
				GCC_WARN_UNDECLARED_SELECTOR = YES;
				GCC_WARN_UNINITIALIZED_AUTOS = YES_AGGRESSIVE;
				GCC_WARN_UNUSED_FUNCTION = YES;
				GCC_WARN_UNUSED_VARIABLE = YES;
				IPHONEOS_DEPLOYMENT_TARGET = 14.2;
				MTL_ENABLE_DEBUG_INFO = NO;
				MTL_FAST_MATH = YES;
				SDKROOT = iphoneos;
				SWIFT_COMPILATION_MODE = wholemodule;
				SWIFT_OPTIMIZATION_LEVEL = "-O";
				VALIDATE_PRODUCT = YES;
			};
			name = Release;
		};
		F7C2AED525A58752008FE850 /* Debug */ = {
			isa = XCBuildConfiguration;
			baseConfigurationReference = A2786891CBD0625499853C4A /* Pods-GroceryStoreFirebase.debug.xcconfig */;
			buildSettings = {
				ASSETCATALOG_COMPILER_APPICON_NAME = AppIcon;
				ASSETCATALOG_COMPILER_GLOBAL_ACCENT_COLOR_NAME = AccentColor;
				CODE_SIGN_STYLE = Automatic;
				DEVELOPMENT_ASSET_PATHS = "\"GroceryStoreFirebase/Preview Content\"";
				DEVELOPMENT_TEAM = 4C3PFF6YUX;
				ENABLE_PREVIEWS = YES;
				INFOPLIST_FILE = GroceryStoreFirebase/Info.plist;
				IPHONEOS_DEPLOYMENT_TARGET = 14.0;
				LD_RUNPATH_SEARCH_PATHS = (
					"$(inherited)",
					"@executable_path/Frameworks",
				);
				PRODUCT_BUNDLE_IDENTIFIER = com.trvl.grocerystorefire;
				PRODUCT_NAME = "$(TARGET_NAME)";
				SWIFT_VERSION = 5.0;
				TARGETED_DEVICE_FAMILY = "1,2";
			};
			name = Debug;
		};
		F7C2AED625A58752008FE850 /* Release */ = {
			isa = XCBuildConfiguration;
			baseConfigurationReference = 57AC34F81B16F465D6EC8695 /* Pods-GroceryStoreFirebase.release.xcconfig */;
			buildSettings = {
				ASSETCATALOG_COMPILER_APPICON_NAME = AppIcon;
				ASSETCATALOG_COMPILER_GLOBAL_ACCENT_COLOR_NAME = AccentColor;
				CODE_SIGN_STYLE = Automatic;
				DEVELOPMENT_ASSET_PATHS = "\"GroceryStoreFirebase/Preview Content\"";
				DEVELOPMENT_TEAM = 4C3PFF6YUX;
				ENABLE_PREVIEWS = YES;
				INFOPLIST_FILE = GroceryStoreFirebase/Info.plist;
				IPHONEOS_DEPLOYMENT_TARGET = 14.0;
				LD_RUNPATH_SEARCH_PATHS = (
					"$(inherited)",
					"@executable_path/Frameworks",
				);
				PRODUCT_BUNDLE_IDENTIFIER = com.trvl.grocerystorefire;
				PRODUCT_NAME = "$(TARGET_NAME)";
				SWIFT_VERSION = 5.0;
				TARGETED_DEVICE_FAMILY = "1,2";
			};
			name = Release;
		};
/* End XCBuildConfiguration section */

/* Begin XCConfigurationList section */
		F7C2AEC025A58751008FE850 /* Build configuration list for PBXProject "GroceryStoreFirebase" */ = {
			isa = XCConfigurationList;
			buildConfigurations = (
				F7C2AED225A58752008FE850 /* Debug */,
				F7C2AED325A58752008FE850 /* Release */,
			);
			defaultConfigurationIsVisible = 0;
			defaultConfigurationName = Release;
		};
		F7C2AED425A58752008FE850 /* Build configuration list for PBXNativeTarget "GroceryStoreFirebase" */ = {
			isa = XCConfigurationList;
			buildConfigurations = (
				F7C2AED525A58752008FE850 /* Debug */,
				F7C2AED625A58752008FE850 /* Release */,
			);
			defaultConfigurationIsVisible = 0;
			defaultConfigurationName = Release;
		};
/* End XCConfigurationList section */
	};
	rootObject = F7C2AEBD25A58751008FE850 /* Project object */;
}
